{
  "name": "GIAIC HACKATHON PROJECT",
  "lockfileVersion": 3,
  "requires": true,
  "packages": {
    "": {
      "dependencies": {
        "@types/scrollreveal": "^0.0.11"
      }
    },
    "node_modules/@types/scrollreveal": {
      "version": "0.0.11",
      "resolved": "https://registry.npmjs.org/@types/scrollreveal/-/scrollreveal-0.0.11.tgz",
      "integrity": "sha512-GDOESLkVNyd5FIS980N9rDtp45L7jfyvbDuumtaMXMPfJOFOk/7ADNvXaL/NBggXJHQJSgNNHsJBrQ2mTE7+cA=="
    }
  }
}
